{
  "version": 4,
  "terraform_version": "1.1.4",
  "serial": 67,
  "lineage": "c499c98a-5ca0-8d8e-38b8-12602cbc229c",
  "outputs": {},
  "resources": [
    {
      "mode": "managed",
      "type": "oci_core_subnet",
      "name": "test_subnet",
      "provider": "provider[\"registry.terraform.io/hashicorp/oci\"]",
      "instances": [
        {
          "schema_version": 0,
          "attributes": {
            "availability_domain": null,
            "cidr_block": "10.0.0.0/16",
            "compartment_id": "ocid1.compartment.oc1..aaaaaaaazjjddc3l4tmd2nlophzoh6utp75zahzvt7log6rvsjh3mz3hnxcq",
            "defined_tags": {
              "Oracle-Tags.CreatedBy": "bharath.y.reddy@oracle.com",
              "Oracle-Tags.CreatedOn": "2022-02-14T15:51:32.489Z"
            },
            "dhcp_options_id": "ocid1.dhcpoptions.oc1.iad.aaaaaaaakt2afqki5es5vhct24ipihvnh4eryw2bj3axms2knarkejozf3wq",
            "display_name": "subnet20220214155132",
            "dns_label": null,
            "freeform_tags": {},
            "id": "ocid1.subnet.oc1.iad.aaaaaaaaja75lj7ak2ikgqpjt6qpteekug3zltuuhmizmv6ddn7nktp3ekcq",
            "ipv6cidr_block": null,
            "ipv6virtual_router_ip": null,
            "prohibit_internet_ingress": false,
            "prohibit_public_ip_on_vnic": false,
            "route_table_id": "ocid1.routetable.oc1.iad.aaaaaaaaew4qy2vsir4q2yuq76op2ggfkp7skenqsqohe72w75meeo7axtaq",
            "security_list_ids": [
              "ocid1.securitylist.oc1.iad.aaaaaaaasofd5nrp74w5lmdiyinivghkj6rrpraoohq2ft7nsqjudpwixyna"
            ],
            "state": "AVAILABLE",
            "subnet_domain_name": null,
            "time_created": "2022-02-14 15:51:32.581 +0000 UTC",
            "timeouts": null,
            "vcn_id": "ocid1.vcn.oc1.iad.amaaaaaanif7xwiauwk2ubtdbrbra72bpi3zwwdtfoqinup72bto6swvl5ta",
            "virtual_router_ip": "10.0.0.1",
            "virtual_router_mac": "00:00:17:18:B3:3D"
          },
          "sensitive_attributes": [],
          "private": "eyJlMmJmYjczMC1lY2FhLTExZTYtOGY4OC0zNDM2M2JjN2M0YzAiOnsiY3JlYXRlIjoxMjAwMDAwMDAwMDAwLCJkZWxldGUiOjEyMDAwMDAwMDAwMDAsInVwZGF0ZSI6MTIwMDAwMDAwMDAwMH19",
          "dependencies": [
            "oci_core_vcn.test_vcn",
            "oci_identity_compartment.tf-compartment"
          ]
        }
      ]
    },
    {
      "mode": "managed",
      "type": "oci_core_vcn",
      "name": "test_vcn",
      "provider": "provider[\"registry.terraform.io/hashicorp/oci\"]",
      "instances": [
        {
          "schema_version": 0,
          "attributes": {
            "cidr_block": "10.0.0.0/16",
            "cidr_blocks": [
              "10.0.0.0/16"
            ],
            "compartment_id": "ocid1.compartment.oc1..aaaaaaaazjjddc3l4tmd2nlophzoh6utp75zahzvt7log6rvsjh3mz3hnxcq",
            "default_dhcp_options_id": "ocid1.dhcpoptions.oc1.iad.aaaaaaaakt2afqki5es5vhct24ipihvnh4eryw2bj3axms2knarkejozf3wq",
            "default_route_table_id": "ocid1.routetable.oc1.iad.aaaaaaaaew4qy2vsir4q2yuq76op2ggfkp7skenqsqohe72w75meeo7axtaq",
            "default_security_list_id": "ocid1.securitylist.oc1.iad.aaaaaaaasofd5nrp74w5lmdiyinivghkj6rrpraoohq2ft7nsqjudpwixyna",
            "defined_tags": {
              "Oracle-Tags.CreatedBy": "bharath.y.reddy@oracle.com",
              "Oracle-Tags.CreatedOn": "2022-02-14T15:51:30.585Z"
            },
            "display_name": "vcn20220214155131",
            "dns_label": null,
            "freeform_tags": {},
            "id": "ocid1.vcn.oc1.iad.amaaaaaanif7xwiauwk2ubtdbrbra72bpi3zwwdtfoqinup72bto6swvl5ta",
            "ipv6cidr_blocks": [],
            "is_ipv6enabled": false,
            "state": "AVAILABLE",
            "time_created": "2022-02-14 15:51:31.081 +0000 UTC",
            "timeouts": null,
            "vcn_domain_name": null
          },
          "sensitive_attributes": [],
          "private": "eyJlMmJmYjczMC1lY2FhLTExZTYtOGY4OC0zNDM2M2JjN2M0YzAiOnsiY3JlYXRlIjoxMjAwMDAwMDAwMDAwLCJkZWxldGUiOjEyMDAwMDAwMDAwMDAsInVwZGF0ZSI6MTIwMDAwMDAwMDAwMH19",
          "dependencies": [
            "oci_identity_compartment.tf-compartment"
          ]
        }
      ]
    },
    {
      "mode": "managed",
      "type": "oci_datascience_notebook_session",
      "name": "test_notebook_session",
      "provider": "provider[\"registry.terraform.io/hashicorp/oci\"]",
      "instances": [
        {
          "schema_version": 0,
          "attributes": {
            "compartment_id": "ocid1.compartment.oc1..aaaaaaaazjjddc3l4tmd2nlophzoh6utp75zahzvt7log6rvsjh3mz3hnxcq",
            "created_by": "ocid1.user.oc1..aaaaaaaabkdp6ctxycivjxz7bdwknf36emr6zuqblkudvkaot5hes263gvca",
            "defined_tags": {
              "Oracle-Tags.CreatedBy": "bharath.y.reddy@oracle.com",
              "Oracle-Tags.CreatedOn": "2022-02-14T15:51:34.386Z"
            },
            "display_name": "test_terraform_notebook",
            "freeform_tags": {},
            "id": "ocid1.datasciencenotebooksession.oc1.iad.amaaaaaanif7xwiatvt4n4wyfhx5feh7vyiw7ifceu6h5w55gt2q7hnq34aq",
            "lifecycle_details": null,
            "notebook_session_configuration_details": [
              {
                "block_storage_size_in_gbs": 50,
                "notebook_session_shape_config_details": [],
                "shape": "VM.Standard2.1",
                "subnet_id": "ocid1.subnet.oc1.iad.aaaaaaaaja75lj7ak2ikgqpjt6qpteekug3zltuuhmizmv6ddn7nktp3ekcq"
              }
            ],
            "notebook_session_url": "https://nb-01.datascience.us-ashburn-1.oci.customer-oci.com/ocid1.datasciencenotebooksession.oc1.iad.amaaaaaanif7xwiatvt4n4wyfhx5feh7vyiw7ifceu6h5w55gt2q7hnq34aq",
            "project_id": "ocid1.datascienceproject.oc1.iad.amaaaaaanif7xwiassxtwa3vfecjgs2kjgtkg3td63txh6ly5xq4goo5iidq",
            "state": "ACTIVE",
            "time_created": "2022-02-14 15:51:34.705 +0000 UTC",
            "timeouts": null
          },
          "sensitive_attributes": [],
          "private": "eyJlMmJmYjczMC1lY2FhLTExZTYtOGY4OC0zNDM2M2JjN2M0YzAiOnsiY3JlYXRlIjoxMjAwMDAwMDAwMDAwLCJkZWxldGUiOjEyMDAwMDAwMDAwMDAsInVwZGF0ZSI6MTIwMDAwMDAwMDAwMH19",
          "dependencies": [
            "oci_core_subnet.test_subnet",
            "oci_core_vcn.test_vcn",
            "oci_datascience_project.test_project",
            "oci_identity_compartment.tf-compartment"
          ]
        }
      ]
    },
    {
      "mode": "managed",
      "type": "oci_datascience_project",
      "name": "test_project",
      "provider": "provider[\"registry.terraform.io/hashicorp/oci\"]",
      "instances": [
        {
          "schema_version": 0,
          "attributes": {
            "compartment_id": "ocid1.compartment.oc1..aaaaaaaazjjddc3l4tmd2nlophzoh6utp75zahzvt7log6rvsjh3mz3hnxcq",
            "created_by": "ocid1.user.oc1..aaaaaaaabkdp6ctxycivjxz7bdwknf36emr6zuqblkudvkaot5hes263gvca",
            "defined_tags": {
              "Oracle-Tags.CreatedBy": "bharath.y.reddy@oracle.com",
              "Oracle-Tags.CreatedOn": "2022-02-14T15:51:30.252Z"
            },
            "description": null,
            "display_name": "test_ds_project",
            "freeform_tags": {
              "Department": "ds"
            },
            "id": "ocid1.datascienceproject.oc1.iad.amaaaaaanif7xwiassxtwa3vfecjgs2kjgtkg3td63txh6ly5xq4goo5iidq",
            "state": "ACTIVE",
            "time_created": "2022-02-14 15:51:30.343 +0000 UTC",
            "timeouts": null
          },
          "sensitive_attributes": [],
          "private": "eyJlMmJmYjczMC1lY2FhLTExZTYtOGY4OC0zNDM2M2JjN2M0YzAiOnsiY3JlYXRlIjoxMjAwMDAwMDAwMDAwLCJkZWxldGUiOjEyMDAwMDAwMDAwMDAsInVwZGF0ZSI6MTIwMDAwMDAwMDAwMH19",
          "dependencies": [
            "oci_identity_compartment.tf-compartment"
          ]
        }
      ]
    },
    {
      "mode": "managed",
      "type": "oci_identity_compartment",
      "name": "tf-compartment",
      "provider": "provider[\"registry.terraform.io/hashicorp/oci\"]",
      "instances": [
        {
          "schema_version": 0,
          "attributes": {
            "compartment_id": "ocid1.tenancy.oc1..aaaaaaaa25c5a2zpfki3wo4ofza5l72aehvwkjbuavpnzqtmr4nigdgzi57a",
            "defined_tags": {
              "Oracle-Tags.CreatedBy": "bharath.y.reddy@oracle.com",
              "Oracle-Tags.CreatedOn": "2022-01-21T07:17:23.181Z"
            },
            "description": "Compartment for Terraform resources.",
            "enable_delete": null,
            "freeform_tags": {},
            "id": "ocid1.compartment.oc1..aaaaaaaazjjddc3l4tmd2nlophzoh6utp75zahzvt7log6rvsjh3mz3hnxcq",
            "inactive_state": null,
            "is_accessible": true,
            "name": "tf-df-compartment",
            "state": "ACTIVE",
            "time_created": "2022-01-21 07:17:23.343 +0000 UTC",
            "timeouts": null
          },
          "sensitive_attributes": [],
          "private": "eyJlMmJmYjczMC1lY2FhLTExZTYtOGY4OC0zNDM2M2JjN2M0YzAiOnsiZGVsZXRlIjo1NDAwMDAwMDAwMDAwfX0="
        }
      ]
    },
    {
      "mode": "managed",
      "type": "oci_identity_group",
      "name": "tf_datascience_admingroup",
      "provider": "provider[\"registry.terraform.io/hashicorp/oci\"]",
      "instances": [
        {
          "schema_version": 0,
          "attributes": {
            "compartment_id": "ocid1.tenancy.oc1..aaaaaaaa25c5a2zpfki3wo4ofza5l72aehvwkjbuavpnzqtmr4nigdgzi57a",
            "defined_tags": {
              "Oracle-Tags.CreatedBy": "bharath.y.reddy@oracle.com",
              "Oracle-Tags.CreatedOn": "2022-02-14T15:51:27.473Z"
            },
            "description": "dataflow_admin_group description ",
            "freeform_tags": {},
            "id": "ocid1.group.oc1..aaaaaaaadreno6lhdk2lrzp777el643tidaycnswrty7qkmhrwmarbev6xca",
            "inactive_state": null,
            "name": "tf_ds_admin_group",
            "state": "ACTIVE",
            "time_created": "2022-02-14 15:51:27.696 +0000 UTC",
            "timeouts": null
          },
          "sensitive_attributes": [],
          "private": "eyJlMmJmYjczMC1lY2FhLTExZTYtOGY4OC0zNDM2M2JjN2M0YzAiOnsiY3JlYXRlIjoxMjAwMDAwMDAwMDAwLCJkZWxldGUiOjEyMDAwMDAwMDAwMDAsInVwZGF0ZSI6MTIwMDAwMDAwMDAwMH19"
        }
      ]
    },
    {
      "mode": "managed",
      "type": "oci_identity_policy",
      "name": "tf_datascience_usr_policy",
      "provider": "provider[\"registry.terraform.io/hashicorp/oci\"]",
      "instances": [
        {
          "schema_version": 0,
          "attributes": {
            "ETag": "20c42434443782ab64760874796b297058a283ab",
            "compartment_id": "ocid1.compartment.oc1..aaaaaaaazjjddc3l4tmd2nlophzoh6utp75zahzvt7log6rvsjh3mz3hnxcq",
            "defined_tags": {
              "Oracle-Tags.CreatedBy": "bharath.y.reddy@oracle.com",
              "Oracle-Tags.CreatedOn": "2022-02-14T15:51:29.056Z"
            },
            "description": "var.policy_description",
            "freeform_tags": {},
            "id": "ocid1.policy.oc1..aaaaaaaaz6fia232sip4rmscfgfopwgd5zmrp6aoqje2wmd2cwh7wfp2rjka",
            "inactive_state": null,
            "lastUpdateETag": "20c42434443782ab64760874796b297058a283ab",
            "name": "tf_ds_usr_policy",
            "policyHash": "a1cdc19ebee08530a3aae675f127759d",
            "state": "ACTIVE",
            "statements": [
              "allow group tf_ds_admin_group to manage data-science-family in compartment tf-df-compartment",
              "allow group tf_ds_admin_group to manage data-science-notebook-sessions in compartment tf-df-compartment",
              "allow group tf_ds_admin_group to manage data-science-models in compartment tf-df-compartment",
              "allow group tf_ds_admin_group to manage data-science-work-requests in compartment tf-df-compartment"
            ],
            "time_created": "2022-02-14 15:51:29.351 +0000 UTC",
            "timeouts": null,
            "version_date": null
          },
          "sensitive_attributes": [],
          "private": "eyJlMmJmYjczMC1lY2FhLTExZTYtOGY4OC0zNDM2M2JjN2M0YzAiOnsiY3JlYXRlIjoxMjAwMDAwMDAwMDAwLCJkZWxldGUiOjEyMDAwMDAwMDAwMDAsInVwZGF0ZSI6MTIwMDAwMDAwMDAwMH19",
          "dependencies": [
            "oci_identity_compartment.tf-compartment"
          ]
        }
      ]
    }
  ]
}
